
Microsoft Visual Studio Solution File, Format Version 12.00
# Visual Studio Version 16
VisualStudioVersion = 16.0.32002.261
MinimumVisualStudioVersion = 10.0.40219.1
Project("{FAE04EC0-301F-11D3-BF4B-00C04F79EFBC}") = "CmsShoppingCart", "CmsShoppingCart.csproj", "{E5919570-DD69-4523-B0DE-C8228D73986C}"
EndProject
Global
	GlobalSection(SolutionConfigurationPlatforms) = preSolution
		Debug|Any CPU = Debug|Any CPU
		Release|Any CPU = Release|Any CPU
	EndGlobalSection
	GlobalSection(ProjectConfigurationPlatforms) = postSolution
		{E5919570-DD69-4523-B0DE-C8228D73986C}.Debug|Any CPU.ActiveCfg = Debug|Any CPU
		{E5919570-DD69-4523-B0DE-C8228D73986C}.Debug|Any CPU.Build.0 = Debug|Any CPU
		{E5919570-DD69-4523-B0DE-C8228D73986C}.Release|Any CPU.ActiveCfg = Release|Any CPU
		{E5919570-DD69-4523-B0DE-C8228D73986C}.Release|Any CPU.Build.0 = Release|Any CPU
	EndGlobalSection
	GlobalSection(SolutionProperties) = preSolution
		HideSolutionNode = FALSE
	EndGlobalSection
	GlobalSection(ExtensibilityGlobals) = postSolution
		SolutionGuid = {0B8762FE-17B3-4A9C-9BC7-3B2CC7C17B92}
	EndGlobalSection
EndGlobal
